{
  "version": 4,
  "terraform_version": "1.14.0",
  "serial": 3,
  "lineage": "2dee6290-7a99-e39e-8ae0-15a4e39ef76b",
  "outputs": {},
  "resources": [
    {
      "mode": "data",
      "type": "digitalocean_project",
      "name": "devops",
      "provider": "provider[\"registry.terraform.io/digitalocean/digitalocean\"]",
      "instances": [
        {
          "schema_version": 0,
          "attributes": {
            "created_at": "2023-11-18T20:51:54Z",
            "description": "DevOps projects",
            "environment": "Development",
            "id": "444a399b-e75b-4456-b8bb-34ded06b6f57",
            "is_default": true,
            "name": "devops",
            "owner_id": 15096896,
            "owner_uuid": "77ef78ba-52bb-4abb-abfb-da5702df6b52",
            "purpose": "Class project / Educational purposes",
            "resources": [],
            "updated_at": "2025-11-29T08:50:49Z"
          },
          "sensitive_attributes": [],
          "identity_schema_version": 0
        }
      ]
    },
    {
      "mode": "managed",
      "type": "digitalocean_droplet",
      "name": "web",
      "provider": "provider[\"registry.terraform.io/digitalocean/digitalocean\"]",
      "instances": [
        {
          "schema_version": 1,
          "attributes": {
            "backup_policy": [],
            "backups": false,
            "created_at": "2025-11-29T08:53:37Z",
            "disk": 80,
            "droplet_agent": null,
            "graceful_shutdown": false,
            "id": "533264377",
            "image": "ubuntu-24-04-x64",
            "ipv4_address": "209.38.95.182",
            "ipv4_address_private": "10.126.0.3",
            "ipv6": false,
            "ipv6_address": "",
            "locked": false,
            "memory": 4096,
            "monitoring": false,
            "name": "jenkins-server",
            "price_hourly": 0.03571,
            "price_monthly": 24,
            "private_networking": true,
            "region": "syd1",
            "resize_disk": true,
            "size": "s-2vcpu-4gb",
            "ssh_keys": [
              "50340717"
            ],
            "status": "active",
            "tags": null,
            "timeouts": null,
            "urn": "do:droplet:533264377",
            "user_data": null,
            "vcpus": 2,
            "volume_ids": [],
            "vpc_uuid": "6f64411b-f5e8-49aa-9b9a-580ed958b3d0"
          },
          "sensitive_attributes": [],
          "identity_schema_version": 0,
          "private": "eyJlMmJmYjczMC1lY2FhLTExZTYtOGY4OC0zNDM2M2JjN2M0YzAiOnsiY3JlYXRlIjozNjAwMDAwMDAwMDAwLCJkZWxldGUiOjYwMDAwMDAwMDAwLCJ1cGRhdGUiOjM2MDAwMDAwMDAwMDB9LCJzY2hlbWFfdmVyc2lvbiI6IjEifQ=="
        }
      ]
    },
    {
      "mode": "managed",
      "type": "digitalocean_project_resources",
      "name": "devops_project_resources",
      "provider": "provider[\"registry.terraform.io/digitalocean/digitalocean\"]",
      "instances": [
        {
          "schema_version": 0,
          "attributes": {
            "id": "444a399b-e75b-4456-b8bb-34ded06b6f57",
            "project": "444a399b-e75b-4456-b8bb-34ded06b6f57",
            "resources": [
              "do:droplet:533264377"
            ]
          },
          "sensitive_attributes": [],
          "identity_schema_version": 0,
          "private": "bnVsbA==",
          "dependencies": [
            "data.digitalocean_project.devops",
            "digitalocean_droplet.web"
          ]
        }
      ]
    }
  ],
  "check_results": null
}
